
Microsoft Visual Studio Solution File, Format Version 12.00
# Visual Studio Version 16
VisualStudioVersion = 16.0.30413.136
MinimumVisualStudioVersion = 10.0.40219.1
Project("{FAE04EC0-301F-11D3-BF4B-00C04F79EFBC}") = "ZIpAPI", "ZIpAPI.csproj", "{44DBC225-D462-49A4-9E23-7210BE67547D}"
EndProject
Global
	GlobalSection(SolutionConfigurationPlatforms) = preSolution
		Debug|Any CPU = Debug|Any CPU
		Release|Any CPU = Release|Any CPU
	EndGlobalSection
	GlobalSection(ProjectConfigurationPlatforms) = postSolution
		{44DBC225-D462-49A4-9E23-7210BE67547D}.Debug|Any CPU.ActiveCfg = Debug|Any CPU
		{44DBC225-D462-49A4-9E23-7210BE67547D}.Debug|Any CPU.Build.0 = Debug|Any CPU
		{44DBC225-D462-49A4-9E23-7210BE67547D}.Release|Any CPU.ActiveCfg = Release|Any CPU
		{44DBC225-D462-49A4-9E23-7210BE67547D}.Release|Any CPU.Build.0 = Release|Any CPU
	EndGlobalSection
	GlobalSection(SolutionProperties) = preSolution
		HideSolutionNode = FALSE
	EndGlobalSection
	GlobalSection(ExtensibilityGlobals) = postSolution
		SolutionGuid = {3A303AD3-03B1-46EF-8D17-1C0D97399921}
	EndGlobalSection
EndGlobal
